
Microsoft Visual Studio Solution File, Format Version 11.00
# Visual Studio 2010
Project("{FAE04EC0-301F-11D3-BF4B-00C04F79EFBC}") = "Lab01_HopfieldNN", "Lab01_HopfieldNN\Lab01_HopfieldNN.csproj", "{FFCD5566-E684-4CA6-BB3E-919B1AAD9B36}"
EndProject
Project("{FAE04EC0-301F-11D3-BF4B-00C04F79EFBC}") = "Lab02_MultilayerPerceptron", "Lab02_MultilayerPerceptron\Lab02_MultilayerPerceptron.csproj", "{CD1F42F5-ECAC-4F24-96EB-349191CAC2C2}"
EndProject
Project("{FAE04EC0-301F-11D3-BF4B-00C04F79EFBC}") = "Lab03_RBF", "Lab03_RBF\Lab03_RBF.csproj", "{A3FAED97-2A3A-4166-815C-3DBE60F62C22}"
EndProject
Global
	GlobalSection(SolutionConfigurationPlatforms) = preSolution
		Debug|x86 = Debug|x86
		Release|x86 = Release|x86
	EndGlobalSection
	GlobalSection(ProjectConfigurationPlatforms) = postSolution
		{FFCD5566-E684-4CA6-BB3E-919B1AAD9B36}.Debug|x86.ActiveCfg = Debug|x86
		{FFCD5566-E684-4CA6-BB3E-919B1AAD9B36}.Debug|x86.Build.0 = Debug|x86
		{FFCD5566-E684-4CA6-BB3E-919B1AAD9B36}.Release|x86.ActiveCfg = Release|x86
		{FFCD5566-E684-4CA6-BB3E-919B1AAD9B36}.Release|x86.Build.0 = Release|x86
		{CD1F42F5-ECAC-4F24-96EB-349191CAC2C2}.Debug|x86.ActiveCfg = Debug|x86
		{CD1F42F5-ECAC-4F24-96EB-349191CAC2C2}.Debug|x86.Build.0 = Debug|x86
		{CD1F42F5-ECAC-4F24-96EB-349191CAC2C2}.Release|x86.ActiveCfg = Release|x86
		{CD1F42F5-ECAC-4F24-96EB-349191CAC2C2}.Release|x86.Build.0 = Release|x86
		{A3FAED97-2A3A-4166-815C-3DBE60F62C22}.Debug|x86.ActiveCfg = Debug|x86
		{A3FAED97-2A3A-4166-815C-3DBE60F62C22}.Debug|x86.Build.0 = Debug|x86
		{A3FAED97-2A3A-4166-815C-3DBE60F62C22}.Release|x86.ActiveCfg = Release|x86
		{A3FAED97-2A3A-4166-815C-3DBE60F62C22}.Release|x86.Build.0 = Release|x86
	EndGlobalSection
	GlobalSection(SolutionProperties) = preSolution
		HideSolutionNode = FALSE
	EndGlobalSection
EndGlobal
